
Microsoft Visual Studio Solution File, Format Version 12.00
# Visual Studio 15
VisualStudioVersion = 15.0.27130.2026
MinimumVisualStudioVersion = 10.0.40219.1
Project("{8BC9CEB8-8B4A-11D0-8D11-00A0C91BC942}") = "Multicore Lab 1", "Multicore Lab 1.vcxproj", "{C8093831-A196-495E-AEF8-C9B5EB008831}"
EndProject
Global
	GlobalSection(SolutionConfigurationPlatforms) = preSolution
		Debug|x64 = Debug|x64
		Release|x64 = Release|x64
	EndGlobalSection
	GlobalSection(ProjectConfigurationPlatforms) = postSolution
		{C8093831-A196-495E-AEF8-C9B5EB008831}.Debug|x64.ActiveCfg = Debug|x64
		{C8093831-A196-495E-AEF8-C9B5EB008831}.Debug|x64.Build.0 = Debug|x64
		{C8093831-A196-495E-AEF8-C9B5EB008831}.Release|x64.ActiveCfg = Release|x64
		{C8093831-A196-495E-AEF8-C9B5EB008831}.Release|x64.Build.0 = Release|x64
	EndGlobalSection
	GlobalSection(SolutionProperties) = preSolution
		HideSolutionNode = FALSE
	EndGlobalSection
	GlobalSection(ExtensibilityGlobals) = postSolution
		SolutionGuid = {2025BCDA-BE9A-4A52-8D27-96DA0CD9FC7B}
	EndGlobalSection
EndGlobal
